PODS:
  - SwiftLint (0.16.1)
  - SwiftUtils (4.0.2)

DEPENDENCIES:
  - SwiftLint (= 0.16.1)
  - SwiftUtils (from `./`)

EXTERNAL SOURCES:
  SwiftUtils:
    :path: ./

SPEC CHECKSUMS:
  SwiftLint: b8b683208cc09640898f16318a7a452274e91f61
  SwiftUtils: 21388b904875a5dad966bce66a5640f4debc26de

PODFILE CHECKSUM: 5243912a9aed68a72134b40ebd799dbd98cb5845

COCOAPODS: 1.4.0
