PODS:
  - SwiftLint (0.27.0)
  - SwiftUtils (4.2)

DEPENDENCIES:
  - SwiftLint (= 0.27.0)
  - SwiftUtils (from `./`)

SPEC REPOS:
  https://github.com/cocoapods/specs.git:
    - SwiftLint

EXTERNAL SOURCES:
  SwiftUtils:
    :path: "./"

SPEC CHECKSUMS:
  SwiftLint: 3207c1faa2240bf8973b191820a116113cd11073
  SwiftUtils: 53c2d3af84be01705cef1adcd26d1b2185877ff2

PODFILE CHECKSUM: 14b3e43ac110b759f33cdbe473a6925738ff4645

COCOAPODS: 1.5.3
