PODS:
  - SwiftLint (0.31.0)
  - SwiftUtils (4.2.1)

DEPENDENCIES:
  - SwiftLint (= 0.31.0)
  - SwiftUtils (from `./`)

SPEC REPOS:
  https://github.com/cocoapods/specs.git:
    - SwiftLint

EXTERNAL SOURCES:
  SwiftUtils:
    :path: "./"

SPEC CHECKSUMS:
  SwiftLint: 7a0227733d786395817373b2d0ca799fd0093ff3
  SwiftUtils: fa346feeac5a25eab7ea5d59f1857c6253cb8ab1

PODFILE CHECKSUM: 6a7aa73ef0b7ae75248f660f1d0dd1da78f3b6d3

COCOAPODS: 1.7.0.beta.3
