// !$*UTF8*$!
{
	archiveVersion = 1;
	classes = {
	};
	objectVersion = 46;
	objects = {

/* Begin PBXBuildFile section */
		AA05D8A4DC5B3AA2045C8652 /* Pods_SwiftUtils.framework in Frameworks */ = {isa = PBXBuildFile; fileRef = 0684DF9E27C44964C62ABB95 /* Pods_SwiftUtils.framework */; settings = {ATTRIBUTES = (Weak, ); }; };
		EC15C13A1BC57D10006FF24D /* UITableView.swift in Sources */ = {isa = PBXBuildFile; fileRef = EC15C1391BC57D10006FF24D /* UITableView.swift */; };
		EC15C13C1BC57D28006FF24D /* UIViewController.swift in Sources */ = {isa = PBXBuildFile; fileRef = EC15C13B1BC57D28006FF24D /* UIViewController.swift */; };
		EC15C13E1BC57D42006FF24D /* UIColor.swift in Sources */ = {isa = PBXBuildFile; fileRef = EC15C13D1BC57D42006FF24D /* UIColor.swift */; };
		EC15C1401BC57DC0006FF24D /* NSURL.swift in Sources */ = {isa = PBXBuildFile; fileRef = EC15C13F1BC57DC0006FF24D /* NSURL.swift */; };
		EC15C1421BC57DE1006FF24D /* UILayoutPriority.swift in Sources */ = {isa = PBXBuildFile; fileRef = EC15C1411BC57DE1006FF24D /* UILayoutPriority.swift */; };
		EC15C1461BC580A3006FF24D /* GCD.swift in Sources */ = {isa = PBXBuildFile; fileRef = EC15C1451BC580A3006FF24D /* GCD.swift */; };
		EC15C1481BC5815C006FF24D /* UIGeometry.swift in Sources */ = {isa = PBXBuildFile; fileRef = EC15C1471BC5815C006FF24D /* UIGeometry.swift */; };
		EC524A371BC5178500DE1986 /* FloatTableView.swift in Sources */ = {isa = PBXBuildFile; fileRef = EC524A341BC5178500DE1986 /* FloatTableView.swift */; };
		EC524A381BC5178500DE1986 /* EdgeInsetsLabel.swift in Sources */ = {isa = PBXBuildFile; fileRef = EC524A351BC5178500DE1986 /* EdgeInsetsLabel.swift */; };
		EC524A3A1BC5179500DE1986 /* Array.swift in Sources */ = {isa = PBXBuildFile; fileRef = EC524A391BC5179500DE1986 /* Array.swift */; };
		EC524A3C1BC517AF00DE1986 /* Dictionary.swift in Sources */ = {isa = PBXBuildFile; fileRef = EC524A3B1BC517AF00DE1986 /* Dictionary.swift */; };
		EC524A3E1BC517CC00DE1986 /* Int.swift in Sources */ = {isa = PBXBuildFile; fileRef = EC524A3D1BC517CC00DE1986 /* Int.swift */; };
		EC524A401BC517DA00DE1986 /* Float.swift in Sources */ = {isa = PBXBuildFile; fileRef = EC524A3F1BC517DA00DE1986 /* Float.swift */; };
		EC524A421BC517E100DE1986 /* Double.swift in Sources */ = {isa = PBXBuildFile; fileRef = EC524A411BC517E100DE1986 /* Double.swift */; };
		EC524A441BC517EA00DE1986 /* String.swift in Sources */ = {isa = PBXBuildFile; fileRef = EC524A431BC517EA00DE1986 /* String.swift */; };
		EC524A461BC5181C00DE1986 /* NSDate.swift in Sources */ = {isa = PBXBuildFile; fileRef = EC524A451BC5181C00DE1986 /* NSDate.swift */; };
		EC524A481BC5186B00DE1986 /* UIView.swift in Sources */ = {isa = PBXBuildFile; fileRef = EC524A471BC5186B00DE1986 /* UIView.swift */; };
		EC5ED3F91BC61501004763CE /* Bool.swift in Sources */ = {isa = PBXBuildFile; fileRef = EC5ED3F81BC61501004763CE /* Bool.swift */; };
		EC5ED4021BC65E51004763CE /* SequenceType.swift in Sources */ = {isa = PBXBuildFile; fileRef = EC5ED4011BC65E51004763CE /* SequenceType.swift */; };
		EC5F74441BC6CF5700727AFE /* CGGeometry.swift in Sources */ = {isa = PBXBuildFile; fileRef = EC5F74431BC6CF5700727AFE /* CGGeometry.swift */; };
		EC8F615F1BC7837F00201EBF /* Regex.swift in Sources */ = {isa = PBXBuildFile; fileRef = EC8F615E1BC7837F00201EBF /* Regex.swift */; };
		ECD6E3581BC770BA00AC951F /* Range.swift in Sources */ = {isa = PBXBuildFile; fileRef = ECD6E3571BC770BA00AC951F /* Range.swift */; };
		F494A1291BD99EF300B9B603 /* NSFileManager.swift in Sources */ = {isa = PBXBuildFile; fileRef = F494A1281BD99EF300B9B603 /* NSFileManager.swift */; };
		F494A12B1BD9A69500B9B603 /* UIImage.swift in Sources */ = {isa = PBXBuildFile; fileRef = F494A12A1BD9A69500B9B603 /* UIImage.swift */; };
		F494A12E1BD9A6EF00B9B603 /* UICollectionView.swift in Sources */ = {isa = PBXBuildFile; fileRef = F494A12C1BD9A6EF00B9B603 /* UICollectionView.swift */; };
		F4FAB1ED1C15CBB7008C80D3 /* NSLock.swift in Sources */ = {isa = PBXBuildFile; fileRef = F4FAB1EC1C15CBB7008C80D3 /* NSLock.swift */; };
/* End PBXBuildFile section */

/* Begin PBXFileReference section */
		0684DF9E27C44964C62ABB95 /* Pods_SwiftUtils.framework */ = {isa = PBXFileReference; explicitFileType = wrapper.framework; includeInIndex = 0; path = Pods_SwiftUtils.framework; sourceTree = BUILT_PRODUCTS_DIR; };
		3CF715721268A83FCEC2D14F /* Pods-SwiftUtils.debug.xcconfig */ = {isa = PBXFileReference; includeInIndex = 1; lastKnownFileType = text.xcconfig; name = "Pods-SwiftUtils.debug.xcconfig"; path = "Pods/Target Support Files/Pods-SwiftUtils/Pods-SwiftUtils.debug.xcconfig"; sourceTree = "<group>"; };
		DB3FE1279C57F7110DB342DC /* Pods-SwiftUtils.release.xcconfig */ = {isa = PBXFileReference; includeInIndex = 1; lastKnownFileType = text.xcconfig; name = "Pods-SwiftUtils.release.xcconfig"; path = "Pods/Target Support Files/Pods-SwiftUtils/Pods-SwiftUtils.release.xcconfig"; sourceTree = "<group>"; };
		EC15C1391BC57D10006FF24D /* UITableView.swift */ = {isa = PBXFileReference; fileEncoding = 4; lastKnownFileType = sourcecode.swift; path = UITableView.swift; sourceTree = "<group>"; };
		EC15C13B1BC57D28006FF24D /* UIViewController.swift */ = {isa = PBXFileReference; fileEncoding = 4; lastKnownFileType = sourcecode.swift; path = UIViewController.swift; sourceTree = "<group>"; };
		EC15C13D1BC57D42006FF24D /* UIColor.swift */ = {isa = PBXFileReference; fileEncoding = 4; lastKnownFileType = sourcecode.swift; path = UIColor.swift; sourceTree = "<group>"; };
		EC15C13F1BC57DC0006FF24D /* NSURL.swift */ = {isa = PBXFileReference; fileEncoding = 4; lastKnownFileType = sourcecode.swift; path = NSURL.swift; sourceTree = "<group>"; };
		EC15C1411BC57DE1006FF24D /* UILayoutPriority.swift */ = {isa = PBXFileReference; fileEncoding = 4; lastKnownFileType = sourcecode.swift; path = UILayoutPriority.swift; sourceTree = "<group>"; };
		EC15C1451BC580A3006FF24D /* GCD.swift */ = {isa = PBXFileReference; fileEncoding = 4; lastKnownFileType = sourcecode.swift; path = GCD.swift; sourceTree = "<group>"; };
		EC15C1471BC5815C006FF24D /* UIGeometry.swift */ = {isa = PBXFileReference; fileEncoding = 4; lastKnownFileType = sourcecode.swift; path = UIGeometry.swift; sourceTree = "<group>"; };
		EC524A341BC5178500DE1986 /* FloatTableView.swift */ = {isa = PBXFileReference; fileEncoding = 4; lastKnownFileType = sourcecode.swift; path = FloatTableView.swift; sourceTree = "<group>"; };
		EC524A351BC5178500DE1986 /* EdgeInsetsLabel.swift */ = {isa = PBXFileReference; fileEncoding = 4; lastKnownFileType = sourcecode.swift; path = EdgeInsetsLabel.swift; sourceTree = "<group>"; };
		EC524A391BC5179500DE1986 /* Array.swift */ = {isa = PBXFileReference; fileEncoding = 4; lastKnownFileType = sourcecode.swift; path = Array.swift; sourceTree = "<group>"; };
		EC524A3B1BC517AF00DE1986 /* Dictionary.swift */ = {isa = PBXFileReference; fileEncoding = 4; lastKnownFileType = sourcecode.swift; path = Dictionary.swift; sourceTree = "<group>"; };
		EC524A3D1BC517CC00DE1986 /* Int.swift */ = {isa = PBXFileReference; fileEncoding = 4; lastKnownFileType = sourcecode.swift; path = Int.swift; sourceTree = "<group>"; };
		EC524A3F1BC517DA00DE1986 /* Float.swift */ = {isa = PBXFileReference; fileEncoding = 4; lastKnownFileType = sourcecode.swift; path = Float.swift; sourceTree = "<group>"; };
		EC524A411BC517E100DE1986 /* Double.swift */ = {isa = PBXFileReference; fileEncoding = 4; lastKnownFileType = sourcecode.swift; path = Double.swift; sourceTree = "<group>"; };
		EC524A431BC517EA00DE1986 /* String.swift */ = {isa = PBXFileReference; fileEncoding = 4; lastKnownFileType = sourcecode.swift; path = String.swift; sourceTree = "<group>"; };
		EC524A451BC5181C00DE1986 /* NSDate.swift */ = {isa = PBXFileReference; fileEncoding = 4; lastKnownFileType = sourcecode.swift; path = NSDate.swift; sourceTree = "<group>"; };
		EC524A471BC5186B00DE1986 /* UIView.swift */ = {isa = PBXFileReference; fileEncoding = 4; lastKnownFileType = sourcecode.swift; path = UIView.swift; sourceTree = "<group>"; };
		EC5ED3F81BC61501004763CE /* Bool.swift */ = {isa = PBXFileReference; fileEncoding = 4; lastKnownFileType = sourcecode.swift; path = Bool.swift; sourceTree = "<group>"; };
		EC5ED4011BC65E51004763CE /* SequenceType.swift */ = {isa = PBXFileReference; fileEncoding = 4; lastKnownFileType = sourcecode.swift; path = SequenceType.swift; sourceTree = "<group>"; };
		EC5F74431BC6CF5700727AFE /* CGGeometry.swift */ = {isa = PBXFileReference; fileEncoding = 4; lastKnownFileType = sourcecode.swift; path = CGGeometry.swift; sourceTree = "<group>"; };
		EC8F615E1BC7837F00201EBF /* Regex.swift */ = {isa = PBXFileReference; fileEncoding = 4; lastKnownFileType = sourcecode.swift; path = Regex.swift; sourceTree = "<group>"; };
		ECD6E3571BC770BA00AC951F /* Range.swift */ = {isa = PBXFileReference; fileEncoding = 4; lastKnownFileType = sourcecode.swift; path = Range.swift; sourceTree = "<group>"; };
		ECD9E6D81BC24428001F8738 /* SwiftUtils.framework */ = {isa = PBXFileReference; explicitFileType = wrapper.framework; includeInIndex = 0; path = SwiftUtils.framework; sourceTree = BUILT_PRODUCTS_DIR; };
		ECD9E6DD1BC24428001F8738 /* Info.plist */ = {isa = PBXFileReference; lastKnownFileType = text.plist.xml; path = Info.plist; sourceTree = "<group>"; };
		F494A1281BD99EF300B9B603 /* NSFileManager.swift */ = {isa = PBXFileReference; fileEncoding = 4; lastKnownFileType = sourcecode.swift; path = NSFileManager.swift; sourceTree = "<group>"; };
		F494A12A1BD9A69500B9B603 /* UIImage.swift */ = {isa = PBXFileReference; fileEncoding = 4; lastKnownFileType = sourcecode.swift; path = UIImage.swift; sourceTree = "<group>"; };
		F494A12C1BD9A6EF00B9B603 /* UICollectionView.swift */ = {isa = PBXFileReference; fileEncoding = 4; lastKnownFileType = sourcecode.swift; path = UICollectionView.swift; sourceTree = "<group>"; };
		F4FAB1EC1C15CBB7008C80D3 /* NSLock.swift */ = {isa = PBXFileReference; fileEncoding = 4; lastKnownFileType = sourcecode.swift; path = NSLock.swift; sourceTree = "<group>"; };
/* End PBXFileReference section */

/* Begin PBXFrameworksBuildPhase section */
		ECD9E6D41BC24428001F8738 /* Frameworks */ = {
			isa = PBXFrameworksBuildPhase;
			buildActionMask = 2147483647;
			files = (
				AA05D8A4DC5B3AA2045C8652 /* Pods_SwiftUtils.framework in Frameworks */,
			);
			runOnlyForDeploymentPostprocessing = 0;
		};
/* End PBXFrameworksBuildPhase section */

/* Begin PBXGroup section */
		DADEFA670F6B1AEB2D8C7DCE /* Pods */ = {
			isa = PBXGroup;
			children = (
				3CF715721268A83FCEC2D14F /* Pods-SwiftUtils.debug.xcconfig */,
				DB3FE1279C57F7110DB342DC /* Pods-SwiftUtils.release.xcconfig */,
			);
			name = Pods;
			sourceTree = "<group>";
		};
		EC524A331BC5178500DE1986 /* Classes */ = {
			isa = PBXGroup;
			children = (
				EC524A341BC5178500DE1986 /* FloatTableView.swift */,
				EC524A351BC5178500DE1986 /* EdgeInsetsLabel.swift */,
			);
			path = Classes;
			sourceTree = "<group>";
		};
		EC524A361BC5178500DE1986 /* Extensions */ = {
			isa = PBXGroup;
			children = (
				EC524A391BC5179500DE1986 /* Array.swift */,
				EC5ED3F81BC61501004763CE /* Bool.swift */,
				EC5F74431BC6CF5700727AFE /* CGGeometry.swift */,
				EC524A3B1BC517AF00DE1986 /* Dictionary.swift */,
				EC524A411BC517E100DE1986 /* Double.swift */,
				EC524A3F1BC517DA00DE1986 /* Float.swift */,
				EC15C1451BC580A3006FF24D /* GCD.swift */,
				EC524A3D1BC517CC00DE1986 /* Int.swift */,
				EC524A451BC5181C00DE1986 /* NSDate.swift */,
				F494A1281BD99EF300B9B603 /* NSFileManager.swift */,
				EC15C13F1BC57DC0006FF24D /* NSURL.swift */,
				ECD6E3571BC770BA00AC951F /* Range.swift */,
				EC8F615E1BC7837F00201EBF /* Regex.swift */,
				EC5ED4011BC65E51004763CE /* SequenceType.swift */,
				EC524A431BC517EA00DE1986 /* String.swift */,
				F494A12C1BD9A6EF00B9B603 /* UICollectionView.swift */,
				EC15C13D1BC57D42006FF24D /* UIColor.swift */,
				EC15C1471BC5815C006FF24D /* UIGeometry.swift */,
				F494A12A1BD9A69500B9B603 /* UIImage.swift */,
				EC15C1411BC57DE1006FF24D /* UILayoutPriority.swift */,
				EC15C1391BC57D10006FF24D /* UITableView.swift */,
				EC524A471BC5186B00DE1986 /* UIView.swift */,
				EC15C13B1BC57D28006FF24D /* UIViewController.swift */,
				F4FAB1EC1C15CBB7008C80D3 /* NSLock.swift */,
			);
			path = Extensions;
			sourceTree = "<group>";
		};
		ECD9E6CE1BC24428001F8738 = {
			isa = PBXGroup;
			children = (
				ECD9E6DA1BC24428001F8738 /* SwiftUtils */,
				ECD9E6D91BC24428001F8738 /* Products */,
				DADEFA670F6B1AEB2D8C7DCE /* Pods */,
				F492F990E42B525FD024519F /* Frameworks */,
			);
			sourceTree = "<group>";
		};
		ECD9E6D91BC24428001F8738 /* Products */ = {
			isa = PBXGroup;
			children = (
				ECD9E6D81BC24428001F8738 /* SwiftUtils.framework */,
			);
			name = Products;
			sourceTree = "<group>";
		};
		ECD9E6DA1BC24428001F8738 /* SwiftUtils */ = {
			isa = PBXGroup;
			children = (
				EC524A331BC5178500DE1986 /* Classes */,
				EC524A361BC5178500DE1986 /* Extensions */,
				ECD9E6DD1BC24428001F8738 /* Info.plist */,
			);
			path = SwiftUtils;
			sourceTree = "<group>";
		};
		F492F990E42B525FD024519F /* Frameworks */ = {
			isa = PBXGroup;
			children = (
				0684DF9E27C44964C62ABB95 /* Pods_SwiftUtils.framework */,
			);
			name = Frameworks;
			sourceTree = "<group>";
		};
/* End PBXGroup section */

/* Begin PBXHeadersBuildPhase section */
		ECD9E6D51BC24428001F8738 /* Headers */ = {
			isa = PBXHeadersBuildPhase;
			buildActionMask = 2147483647;
			files = (
			);
			runOnlyForDeploymentPostprocessing = 0;
		};
/* End PBXHeadersBuildPhase section */

/* Begin PBXNativeTarget section */
		ECD9E6D71BC24428001F8738 /* SwiftUtils */ = {
			isa = PBXNativeTarget;
			buildConfigurationList = ECD9E6E01BC24428001F8738 /* Build configuration list for PBXNativeTarget "SwiftUtils" */;
			buildPhases = (
				0A3D77C0718ECFA74191AC14 /* Check Pods Manifest.lock */,
				ECD9E6D31BC24428001F8738 /* Sources */,
				ECD9E6D41BC24428001F8738 /* Frameworks */,
				ECD9E6D51BC24428001F8738 /* Headers */,
				ECD9E6D61BC24428001F8738 /* Resources */,
				727E4989CBD9621F42EA4DF5 /* Copy Pods Resources */,
			);
			buildRules = (
			);
			dependencies = (
			);
			name = SwiftUtils;
			productName = SwiftUtils;
			productReference = ECD9E6D81BC24428001F8738 /* SwiftUtils.framework */;
			productType = "com.apple.product-type.framework";
		};
/* End PBXNativeTarget section */

/* Begin PBXProject section */
		ECD9E6CF1BC24428001F8738 /* Project object */ = {
			isa = PBXProject;
			attributes = {
				LastSwiftUpdateCheck = 0710;
				LastUpgradeCheck = 0700;
				ORGANIZATIONNAME = "Astraler Technology";
				TargetAttributes = {
					ECD9E6D71BC24428001F8738 = {
						CreatedOnToolsVersion = 7.0;
					};
				};
			};
			buildConfigurationList = ECD9E6D21BC24428001F8738 /* Build configuration list for PBXProject "SwiftUtils" */;
			compatibilityVersion = "Xcode 3.2";
			developmentRegion = English;
			hasScannedForEncodings = 0;
			knownRegions = (
				en,
			);
			mainGroup = ECD9E6CE1BC24428001F8738;
			productRefGroup = ECD9E6D91BC24428001F8738 /* Products */;
			projectDirPath = "";
			projectRoot = "";
			targets = (
				ECD9E6D71BC24428001F8738 /* SwiftUtils */,
			);
		};
/* End PBXProject section */

/* Begin PBXResourcesBuildPhase section */
		ECD9E6D61BC24428001F8738 /* Resources */ = {
			isa = PBXResourcesBuildPhase;
			buildActionMask = 2147483647;
			files = (
			);
			runOnlyForDeploymentPostprocessing = 0;
		};
/* End PBXResourcesBuildPhase section */

/* Begin PBXShellScriptBuildPhase section */
		0A3D77C0718ECFA74191AC14 /* Check Pods Manifest.lock */ = {
			isa = PBXShellScriptBuildPhase;
			buildActionMask = 2147483647;
			files = (
			);
			inputPaths = (
			);
			name = "Check Pods Manifest.lock";
			outputPaths = (
			);
			runOnlyForDeploymentPostprocessing = 0;
			shellPath = /bin/sh;
			shellScript = "diff \"${PODS_ROOT}/../Podfile.lock\" \"${PODS_ROOT}/Manifest.lock\" > /dev/null\nif [[ $? != 0 ]] ; then\n    cat << EOM\nerror: The sandbox is not in sync with the Podfile.lock. Run 'pod install' or update your CocoaPods installation.\nEOM\n    exit 1\nfi\n";
			showEnvVarsInLog = 0;
		};
		727E4989CBD9621F42EA4DF5 /* Copy Pods Resources */ = {
			isa = PBXShellScriptBuildPhase;
			buildActionMask = 2147483647;
			files = (
			);
			inputPaths = (
			);
			name = "Copy Pods Resources";
			outputPaths = (
			);
			runOnlyForDeploymentPostprocessing = 0;
			shellPath = /bin/sh;
			shellScript = "\"${SRCROOT}/Pods/Target Support Files/Pods-SwiftUtils/Pods-SwiftUtils-resources.sh\"\n";
			showEnvVarsInLog = 0;
		};
/* End PBXShellScriptBuildPhase section */

/* Begin PBXSourcesBuildPhase section */
		ECD9E6D31BC24428001F8738 /* Sources */ = {
			isa = PBXSourcesBuildPhase;
			buildActionMask = 2147483647;
			files = (
				EC15C1401BC57DC0006FF24D /* NSURL.swift in Sources */,
				F494A12E1BD9A6EF00B9B603 /* UICollectionView.swift in Sources */,
				EC524A381BC5178500DE1986 /* EdgeInsetsLabel.swift in Sources */,
				EC15C13E1BC57D42006FF24D /* UIColor.swift in Sources */,
				EC524A3C1BC517AF00DE1986 /* Dictionary.swift in Sources */,
				EC5ED4021BC65E51004763CE /* SequenceType.swift in Sources */,
				EC524A481BC5186B00DE1986 /* UIView.swift in Sources */,
				F4FAB1ED1C15CBB7008C80D3 /* NSLock.swift in Sources */,
				EC15C1461BC580A3006FF24D /* GCD.swift in Sources */,
				EC524A421BC517E100DE1986 /* Double.swift in Sources */,
				EC524A441BC517EA00DE1986 /* String.swift in Sources */,
				F494A12B1BD9A69500B9B603 /* UIImage.swift in Sources */,
				EC15C13A1BC57D10006FF24D /* UITableView.swift in Sources */,
				ECD6E3581BC770BA00AC951F /* Range.swift in Sources */,
				EC524A461BC5181C00DE1986 /* NSDate.swift in Sources */,
				EC15C13C1BC57D28006FF24D /* UIViewController.swift in Sources */,
				EC524A3A1BC5179500DE1986 /* Array.swift in Sources */,
				EC5ED3F91BC61501004763CE /* Bool.swift in Sources */,
				F494A1291BD99EF300B9B603 /* NSFileManager.swift in Sources */,
				EC5F74441BC6CF5700727AFE /* CGGeometry.swift in Sources */,
				EC8F615F1BC7837F00201EBF /* Regex.swift in Sources */,
				EC524A401BC517DA00DE1986 /* Float.swift in Sources */,
				EC524A3E1BC517CC00DE1986 /* Int.swift in Sources */,
				EC524A371BC5178500DE1986 /* FloatTableView.swift in Sources */,
				EC15C1421BC57DE1006FF24D /* UILayoutPriority.swift in Sources */,
				EC15C1481BC5815C006FF24D /* UIGeometry.swift in Sources */,
			);
			runOnlyForDeploymentPostprocessing = 0;
		};
/* End PBXSourcesBuildPhase section */

/* Begin XCBuildConfiguration section */
		ECD9E6DE1BC24428001F8738 /* Debug */ = {
			isa = XCBuildConfiguration;
			buildSettings = {
				ALWAYS_SEARCH_USER_PATHS = NO;
				CLANG_CXX_LANGUAGE_STANDARD = "gnu++0x";
				CLANG_CXX_LIBRARY = "libc++";
				CLANG_ENABLE_MODULES = YES;
				CLANG_ENABLE_OBJC_ARC = YES;
				CLANG_WARN_BOOL_CONVERSION = YES;
				CLANG_WARN_CONSTANT_CONVERSION = YES;
				CLANG_WARN_DIRECT_OBJC_ISA_USAGE = YES_ERROR;
				CLANG_WARN_EMPTY_BODY = YES;
				CLANG_WARN_ENUM_CONVERSION = YES;
				CLANG_WARN_INT_CONVERSION = YES;
				CLANG_WARN_OBJC_ROOT_CLASS = YES_ERROR;
				CLANG_WARN_UNREACHABLE_CODE = YES;
				CLANG_WARN__DUPLICATE_METHOD_MATCH = YES;
				"CODE_SIGN_IDENTITY[sdk=iphoneos*]" = "iPhone Developer";
				COPY_PHASE_STRIP = NO;
				CURRENT_PROJECT_VERSION = 1;
				DEBUG_INFORMATION_FORMAT = dwarf;
				ENABLE_STRICT_OBJC_MSGSEND = YES;
				ENABLE_TESTABILITY = YES;
				GCC_C_LANGUAGE_STANDARD = gnu99;
				GCC_DYNAMIC_NO_PIC = NO;
				GCC_NO_COMMON_BLOCKS = YES;
				GCC_OPTIMIZATION_LEVEL = 0;
				GCC_PREPROCESSOR_DEFINITIONS = (
					"DEBUG=1",
					"$(inherited)",
				);
				GCC_WARN_64_TO_32_BIT_CONVERSION = YES;
				GCC_WARN_ABOUT_RETURN_TYPE = YES_ERROR;
				GCC_WARN_UNDECLARED_SELECTOR = YES;
				GCC_WARN_UNINITIALIZED_AUTOS = YES_AGGRESSIVE;
				GCC_WARN_UNUSED_FUNCTION = YES;
				GCC_WARN_UNUSED_VARIABLE = YES;
				IPHONEOS_DEPLOYMENT_TARGET = 8.0;
				MTL_ENABLE_DEBUG_INFO = YES;
				ONLY_ACTIVE_ARCH = YES;
				SDKROOT = iphoneos;
				SWIFT_OPTIMIZATION_LEVEL = "-Onone";
				TARGETED_DEVICE_FAMILY = "1,2";
				VERSIONING_SYSTEM = "apple-generic";
				VERSION_INFO_PREFIX = "";
			};
			name = Debug;
		};
		ECD9E6DF1BC24428001F8738 /* Release */ = {
			isa = XCBuildConfiguration;
			buildSettings = {
				ALWAYS_SEARCH_USER_PATHS = NO;
				CLANG_CXX_LANGUAGE_STANDARD = "gnu++0x";
				CLANG_CXX_LIBRARY = "libc++";
				CLANG_ENABLE_MODULES = YES;
				CLANG_ENABLE_OBJC_ARC = YES;
				CLANG_WARN_BOOL_CONVERSION = YES;
				CLANG_WARN_CONSTANT_CONVERSION = YES;
				CLANG_WARN_DIRECT_OBJC_ISA_USAGE = YES_ERROR;
				CLANG_WARN_EMPTY_BODY = YES;
				CLANG_WARN_ENUM_CONVERSION = YES;
				CLANG_WARN_INT_CONVERSION = YES;
				CLANG_WARN_OBJC_ROOT_CLASS = YES_ERROR;
				CLANG_WARN_UNREACHABLE_CODE = YES;
				CLANG_WARN__DUPLICATE_METHOD_MATCH = YES;
				"CODE_SIGN_IDENTITY[sdk=iphoneos*]" = "iPhone Developer";
				COPY_PHASE_STRIP = NO;
				CURRENT_PROJECT_VERSION = 1;
				DEBUG_INFORMATION_FORMAT = "dwarf-with-dsym";
				ENABLE_NS_ASSERTIONS = NO;
				ENABLE_STRICT_OBJC_MSGSEND = YES;
				GCC_C_LANGUAGE_STANDARD = gnu99;
				GCC_NO_COMMON_BLOCKS = YES;
				GCC_WARN_64_TO_32_BIT_CONVERSION = YES;
				GCC_WARN_ABOUT_RETURN_TYPE = YES_ERROR;
				GCC_WARN_UNDECLARED_SELECTOR = YES;
				GCC_WARN_UNINITIALIZED_AUTOS = YES_AGGRESSIVE;
				GCC_WARN_UNUSED_FUNCTION = YES;
				GCC_WARN_UNUSED_VARIABLE = YES;
				IPHONEOS_DEPLOYMENT_TARGET = 8.0;
				MTL_ENABLE_DEBUG_INFO = NO;
				SDKROOT = iphoneos;
				TARGETED_DEVICE_FAMILY = "1,2";
				VALIDATE_PRODUCT = YES;
				VERSIONING_SYSTEM = "apple-generic";
				VERSION_INFO_PREFIX = "";
			};
			name = Release;
		};
		ECD9E6E11BC24428001F8738 /* Debug */ = {
			isa = XCBuildConfiguration;
			baseConfigurationReference = 3CF715721268A83FCEC2D14F /* Pods-SwiftUtils.debug.xcconfig */;
			buildSettings = {
				CLANG_ENABLE_MODULES = YES;
				DEFINES_MODULE = YES;
				DYLIB_COMPATIBILITY_VERSION = 1;
				DYLIB_CURRENT_VERSION = 1;
				DYLIB_INSTALL_NAME_BASE = "@rpath";
				INFOPLIST_FILE = SwiftUtils/Info.plist;
				INSTALL_PATH = "$(LOCAL_LIBRARY_DIR)/Frameworks";
				LD_RUNPATH_SEARCH_PATHS = "$(inherited) @executable_path/Frameworks @loader_path/Frameworks";
				PRODUCT_BUNDLE_IDENTIFIER = com.astraler.SwiftUtils;
				PRODUCT_NAME = "$(TARGET_NAME)";
				SKIP_INSTALL = YES;
				SWIFT_OPTIMIZATION_LEVEL = "-Onone";
			};
			name = Debug;
		};
		ECD9E6E21BC24428001F8738 /* Release */ = {
			isa = XCBuildConfiguration;
			baseConfigurationReference = DB3FE1279C57F7110DB342DC /* Pods-SwiftUtils.release.xcconfig */;
			buildSettings = {
				CLANG_ENABLE_MODULES = YES;
				DEFINES_MODULE = YES;
				DYLIB_COMPATIBILITY_VERSION = 1;
				DYLIB_CURRENT_VERSION = 1;
				DYLIB_INSTALL_NAME_BASE = "@rpath";
				INFOPLIST_FILE = SwiftUtils/Info.plist;
				INSTALL_PATH = "$(LOCAL_LIBRARY_DIR)/Frameworks";
				LD_RUNPATH_SEARCH_PATHS = "$(inherited) @executable_path/Frameworks @loader_path/Frameworks";
				PRODUCT_BUNDLE_IDENTIFIER = com.astraler.SwiftUtils;
				PRODUCT_NAME = "$(TARGET_NAME)";
				SKIP_INSTALL = YES;
			};
			name = Release;
		};
/* End XCBuildConfiguration section */

/* Begin XCConfigurationList section */
		ECD9E6D21BC24428001F8738 /* Build configuration list for PBXProject "SwiftUtils" */ = {
			isa = XCConfigurationList;
			buildConfigurations = (
				ECD9E6DE1BC24428001F8738 /* Debug */,
				ECD9E6DF1BC24428001F8738 /* Release */,
			);
			defaultConfigurationIsVisible = 0;
			defaultConfigurationName = Release;
		};
		ECD9E6E01BC24428001F8738 /* Build configuration list for PBXNativeTarget "SwiftUtils" */ = {
			isa = XCConfigurationList;
			buildConfigurations = (
				ECD9E6E11BC24428001F8738 /* Debug */,
				ECD9E6E21BC24428001F8738 /* Release */,
			);
			defaultConfigurationIsVisible = 0;
			defaultConfigurationName = Release;
		};
/* End XCConfigurationList section */
	};
	rootObject = ECD9E6CF1BC24428001F8738 /* Project object */;
}
